
Microsoft Visual Studio Solution File, Format Version 12.00
# Visual Studio Version 16
VisualStudioVersion = 16.0.30011.22
MinimumVisualStudioVersion = 10.0.40219.1
Project("{FAE04EC0-301F-11D3-BF4B-00C04F79EFBC}") = "asm.encoder", "asm.encoder\asm.encoder.csproj", "{EB677A55-AC40-4FE2-BE30-2CF332293003}"
EndProject
Project("{FAE04EC0-301F-11D3-BF4B-00C04F79EFBC}") = "asm.test", "asm.test\asm.test.csproj", "{30AAE63A-E010-4351-831C-CE9564BFACA7}"
EndProject
Global
	GlobalSection(SolutionConfigurationPlatforms) = preSolution
		Debug|Any CPU = Debug|Any CPU
		Release|Any CPU = Release|Any CPU
	EndGlobalSection
	GlobalSection(ProjectConfigurationPlatforms) = postSolution
		{EB677A55-AC40-4FE2-BE30-2CF332293003}.Debug|Any CPU.ActiveCfg = Debug|Any CPU
		{EB677A55-AC40-4FE2-BE30-2CF332293003}.Debug|Any CPU.Build.0 = Debug|Any CPU
		{EB677A55-AC40-4FE2-BE30-2CF332293003}.Release|Any CPU.ActiveCfg = Release|Any CPU
		{EB677A55-AC40-4FE2-BE30-2CF332293003}.Release|Any CPU.Build.0 = Release|Any CPU
		{30AAE63A-E010-4351-831C-CE9564BFACA7}.Debug|Any CPU.ActiveCfg = Debug|Any CPU
		{30AAE63A-E010-4351-831C-CE9564BFACA7}.Debug|Any CPU.Build.0 = Debug|Any CPU
		{30AAE63A-E010-4351-831C-CE9564BFACA7}.Release|Any CPU.ActiveCfg = Release|Any CPU
		{30AAE63A-E010-4351-831C-CE9564BFACA7}.Release|Any CPU.Build.0 = Release|Any CPU
	EndGlobalSection
	GlobalSection(SolutionProperties) = preSolution
		HideSolutionNode = FALSE
	EndGlobalSection
	GlobalSection(ExtensibilityGlobals) = postSolution
		SolutionGuid = {62006761-4146-4731-B52C-E5AA6ED96EB4}
	EndGlobalSection
EndGlobal
